
Microsoft Visual Studio Solution File, Format Version 12.00
# Visual Studio 14
VisualStudioVersion = 14.0.25420.1
MinimumVisualStudioVersion = 10.0.40219.1
Project("{FAE04EC0-301F-11D3-BF4B-00C04F79EFBC}") = "ClubManagement.Droid", "ClubManagement\ClubManagement.Droid\ClubManagement.Droid.csproj", "{CA5EC788-8815-4F3C-A74E-0C309D6B1A3D}"
EndProject
Project("{FAE04EC0-301F-11D3-BF4B-00C04F79EFBC}") = "ClubManagement.iOS", "ClubManagement\ClubManagement.iOS\ClubManagement.iOS.csproj", "{924A7367-029D-4F74-A96F-B890B1C85702}"
EndProject
Project("{FAE04EC0-301F-11D3-BF4B-00C04F79EFBC}") = "ClubManagement.WinPhone", "ClubManagement\ClubManagement.WinPhone\ClubManagement.WinPhone.csproj", "{31176CF4-077D-4DCA-A811-C57809923BE6}"
EndProject
Project("{FAE04EC0-301F-11D3-BF4B-00C04F79EFBC}") = "ClubManagement.UWP", "ClubManagement\ClubManagement.UWP\ClubManagement.UWP.csproj", "{B69C011D-386D-4428-AB17-E4E95D2766C2}"
EndProject
Project("{FAE04EC0-301F-11D3-BF4B-00C04F79EFBC}") = "ClubManagement.Windows", "ClubManagement\ClubManagement.Windows\ClubManagement.Windows.csproj", "{CEC9346D-23BE-47DD-B630-E69C8F3BBFCE}"
EndProject
Project("{FAE04EC0-301F-11D3-BF4B-00C04F79EFBC}") = "ClubManagement", "ClubManagement\ClubManagement\ClubManagement.csproj", "{D5B550FF-5621-4E02-94C7-0D7C7F9EB5BA}"
EndProject
Global
	GlobalSection(SolutionConfigurationPlatforms) = preSolution
		Ad-Hoc|Any CPU = Ad-Hoc|Any CPU
		Ad-Hoc|ARM = Ad-Hoc|ARM
		Ad-Hoc|iPhone = Ad-Hoc|iPhone
		Ad-Hoc|iPhoneSimulator = Ad-Hoc|iPhoneSimulator
		Ad-Hoc|x64 = Ad-Hoc|x64
		Ad-Hoc|x86 = Ad-Hoc|x86
		AppStore|Any CPU = AppStore|Any CPU
		AppStore|ARM = AppStore|ARM
		AppStore|iPhone = AppStore|iPhone
		AppStore|iPhoneSimulator = AppStore|iPhoneSimulator
		AppStore|x64 = AppStore|x64
		AppStore|x86 = AppStore|x86
		Debug|Any CPU = Debug|Any CPU
		Debug|ARM = Debug|ARM
		Debug|iPhone = Debug|iPhone
		Debug|iPhoneSimulator = Debug|iPhoneSimulator
		Debug|x64 = Debug|x64
		Debug|x86 = Debug|x86
		Release|Any CPU = Release|Any CPU
		Release|ARM = Release|ARM
		Release|iPhone = Release|iPhone
		Release|iPhoneSimulator = Release|iPhoneSimulator
		Release|x64 = Release|x64
		Release|x86 = Release|x86
	EndGlobalSection
	GlobalSection(ProjectConfigurationPlatforms) = postSolution
		{CA5EC788-8815-4F3C-A74E-0C309D6B1A3D}.Ad-Hoc|Any CPU.ActiveCfg = Release|Any CPU
		{CA5EC788-8815-4F3C-A74E-0C309D6B1A3D}.Ad-Hoc|Any CPU.Build.0 = Release|Any CPU
		{CA5EC788-8815-4F3C-A74E-0C309D6B1A3D}.Ad-Hoc|Any CPU.Deploy.0 = Release|Any CPU
		{CA5EC788-8815-4F3C-A74E-0C309D6B1A3D}.Ad-Hoc|ARM.ActiveCfg = Release|Any CPU
		{CA5EC788-8815-4F3C-A74E-0C309D6B1A3D}.Ad-Hoc|ARM.Build.0 = Release|Any CPU
		{CA5EC788-8815-4F3C-A74E-0C309D6B1A3D}.Ad-Hoc|ARM.Deploy.0 = Release|Any CPU
		{CA5EC788-8815-4F3C-A74E-0C309D6B1A3D}.Ad-Hoc|iPhone.ActiveCfg = Release|Any CPU
		{CA5EC788-8815-4F3C-A74E-0C309D6B1A3D}.Ad-Hoc|iPhone.Build.0 = Release|Any CPU
		{CA5EC788-8815-4F3C-A74E-0C309D6B1A3D}.Ad-Hoc|iPhone.Deploy.0 = Release|Any CPU
		{CA5EC788-8815-4F3C-A74E-0C309D6B1A3D}.Ad-Hoc|iPhoneSimulator.ActiveCfg = Release|Any CPU
		{CA5EC788-8815-4F3C-A74E-0C309D6B1A3D}.Ad-Hoc|iPhoneSimulator.Build.0 = Release|Any CPU
		{CA5EC788-8815-4F3C-A74E-0C309D6B1A3D}.Ad-Hoc|iPhoneSimulator.Deploy.0 = Release|Any CPU
		{CA5EC788-8815-4F3C-A74E-0C309D6B1A3D}.Ad-Hoc|x64.ActiveCfg = Release|Any CPU
		{CA5EC788-8815-4F3C-A74E-0C309D6B1A3D}.Ad-Hoc|x64.Build.0 = Release|Any CPU
		{CA5EC788-8815-4F3C-A74E-0C309D6B1A3D}.Ad-Hoc|x64.Deploy.0 = Release|Any CPU
		{CA5EC788-8815-4F3C-A74E-0C309D6B1A3D}.Ad-Hoc|x86.ActiveCfg = Release|Any CPU
		{CA5EC788-8815-4F3C-A74E-0C309D6B1A3D}.Ad-Hoc|x86.Build.0 = Release|Any CPU
		{CA5EC788-8815-4F3C-A74E-0C309D6B1A3D}.Ad-Hoc|x86.Deploy.0 = Release|Any CPU
		{CA5EC788-8815-4F3C-A74E-0C309D6B1A3D}.AppStore|Any CPU.ActiveCfg = Release|Any CPU
		{CA5EC788-8815-4F3C-A74E-0C309D6B1A3D}.AppStore|Any CPU.Build.0 = Release|Any CPU
		{CA5EC788-8815-4F3C-A74E-0C309D6B1A3D}.AppStore|Any CPU.Deploy.0 = Release|Any CPU
		{CA5EC788-8815-4F3C-A74E-0C309D6B1A3D}.AppStore|ARM.ActiveCfg = Release|Any CPU
		{CA5EC788-8815-4F3C-A74E-0C309D6B1A3D}.AppStore|ARM.Build.0 = Release|Any CPU
		{CA5EC788-8815-4F3C-A74E-0C309D6B1A3D}.AppStore|ARM.Deploy.0 = Release|Any CPU
		{CA5EC788-8815-4F3C-A74E-0C309D6B1A3D}.AppStore|iPhone.ActiveCfg = Release|Any CPU
		{CA5EC788-8815-4F3C-A74E-0C309D6B1A3D}.AppStore|iPhone.Build.0 = Release|Any CPU
		{CA5EC788-8815-4F3C-A74E-0C309D6B1A3D}.AppStore|iPhone.Deploy.0 = Release|Any CPU
		{CA5EC788-8815-4F3C-A74E-0C309D6B1A3D}.AppStore|iPhoneSimulator.ActiveCfg = Release|Any CPU
		{CA5EC788-8815-4F3C-A74E-0C309D6B1A3D}.AppStore|iPhoneSimulator.Build.0 = Release|Any CPU
		{CA5EC788-8815-4F3C-A74E-0C309D6B1A3D}.AppStore|iPhoneSimulator.Deploy.0 = Release|Any CPU
		{CA5EC788-8815-4F3C-A74E-0C309D6B1A3D}.AppStore|x64.ActiveCfg = Release|Any CPU
		{CA5EC788-8815-4F3C-A74E-0C309D6B1A3D}.AppStore|x64.Build.0 = Release|Any CPU
		{CA5EC788-8815-4F3C-A74E-0C309D6B1A3D}.AppStore|x64.Deploy.0 = Release|Any CPU
		{CA5EC788-8815-4F3C-A74E-0C309D6B1A3D}.AppStore|x86.ActiveCfg = Release|Any CPU
		{CA5EC788-8815-4F3C-A74E-0C309D6B1A3D}.AppStore|x86.Build.0 = Release|Any CPU
		{CA5EC788-8815-4F3C-A74E-0C309D6B1A3D}.AppStore|x86.Deploy.0 = Release|Any CPU
		{CA5EC788-8815-4F3C-A74E-0C309D6B1A3D}.Debug|Any CPU.ActiveCfg = Debug|Any CPU
		{CA5EC788-8815-4F3C-A74E-0C309D6B1A3D}.Debug|Any CPU.Build.0 = Debug|Any CPU
		{CA5EC788-8815-4F3C-A74E-0C309D6B1A3D}.Debug|Any CPU.Deploy.0 = Debug|Any CPU
		{CA5EC788-8815-4F3C-A74E-0C309D6B1A3D}.Debug|ARM.ActiveCfg = Debug|Any CPU
		{CA5EC788-8815-4F3C-A74E-0C309D6B1A3D}.Debug|ARM.Build.0 = Debug|Any CPU
		{CA5EC788-8815-4F3C-A74E-0C309D6B1A3D}.Debug|ARM.Deploy.0 = Debug|Any CPU
		{CA5EC788-8815-4F3C-A74E-0C309D6B1A3D}.Debug|iPhone.ActiveCfg = Debug|Any CPU
		{CA5EC788-8815-4F3C-A74E-0C309D6B1A3D}.Debug|iPhone.Build.0 = Debug|Any CPU
		{CA5EC788-8815-4F3C-A74E-0C309D6B1A3D}.Debug|iPhone.Deploy.0 = Debug|Any CPU
		{CA5EC788-8815-4F3C-A74E-0C309D6B1A3D}.Debug|iPhoneSimulator.ActiveCfg = Debug|Any CPU
		{CA5EC788-8815-4F3C-A74E-0C309D6B1A3D}.Debug|iPhoneSimulator.Build.0 = Debug|Any CPU
		{CA5EC788-8815-4F3C-A74E-0C309D6B1A3D}.Debug|iPhoneSimulator.Deploy.0 = Debug|Any CPU
		{CA5EC788-8815-4F3C-A74E-0C309D6B1A3D}.Debug|x64.ActiveCfg = Debug|Any CPU
		{CA5EC788-8815-4F3C-A74E-0C309D6B1A3D}.Debug|x64.Build.0 = Debug|Any CPU
		{CA5EC788-8815-4F3C-A74E-0C309D6B1A3D}.Debug|x64.Deploy.0 = Debug|Any CPU
		{CA5EC788-8815-4F3C-A74E-0C309D6B1A3D}.Debug|x86.ActiveCfg = Debug|Any CPU
		{CA5EC788-8815-4F3C-A74E-0C309D6B1A3D}.Debug|x86.Build.0 = Debug|Any CPU
		{CA5EC788-8815-4F3C-A74E-0C309D6B1A3D}.Debug|x86.Deploy.0 = Debug|Any CPU
		{CA5EC788-8815-4F3C-A74E-0C309D6B1A3D}.Release|Any CPU.ActiveCfg = Release|Any CPU
		{CA5EC788-8815-4F3C-A74E-0C309D6B1A3D}.Release|Any CPU.Build.0 = Release|Any CPU
		{CA5EC788-8815-4F3C-A74E-0C309D6B1A3D}.Release|Any CPU.Deploy.0 = Release|Any CPU
		{CA5EC788-8815-4F3C-A74E-0C309D6B1A3D}.Release|ARM.ActiveCfg = Release|Any CPU
		{CA5EC788-8815-4F3C-A74E-0C309D6B1A3D}.Release|ARM.Build.0 = Release|Any CPU
		{CA5EC788-8815-4F3C-A74E-0C309D6B1A3D}.Release|ARM.Deploy.0 = Release|Any CPU
		{CA5EC788-8815-4F3C-A74E-0C309D6B1A3D}.Release|iPhone.ActiveCfg = Release|Any CPU
		{CA5EC788-8815-4F3C-A74E-0C309D6B1A3D}.Release|iPhone.Build.0 = Release|Any CPU
		{CA5EC788-8815-4F3C-A74E-0C309D6B1A3D}.Release|iPhone.Deploy.0 = Release|Any CPU
		{CA5EC788-8815-4F3C-A74E-0C309D6B1A3D}.Release|iPhoneSimulator.ActiveCfg = Release|Any CPU
		{CA5EC788-8815-4F3C-A74E-0C309D6B1A3D}.Release|iPhoneSimulator.Build.0 = Release|Any CPU
		{CA5EC788-8815-4F3C-A74E-0C309D6B1A3D}.Release|iPhoneSimulator.Deploy.0 = Release|Any CPU
		{CA5EC788-8815-4F3C-A74E-0C309D6B1A3D}.Release|x64.ActiveCfg = Release|Any CPU
		{CA5EC788-8815-4F3C-A74E-0C309D6B1A3D}.Release|x64.Build.0 = Release|Any CPU
		{CA5EC788-8815-4F3C-A74E-0C309D6B1A3D}.Release|x64.Deploy.0 = Release|Any CPU
		{CA5EC788-8815-4F3C-A74E-0C309D6B1A3D}.Release|x86.ActiveCfg = Release|Any CPU
		{CA5EC788-8815-4F3C-A74E-0C309D6B1A3D}.Release|x86.Build.0 = Release|Any CPU
		{CA5EC788-8815-4F3C-A74E-0C309D6B1A3D}.Release|x86.Deploy.0 = Release|Any CPU
		{924A7367-029D-4F74-A96F-B890B1C85702}.Ad-Hoc|Any CPU.ActiveCfg = Ad-Hoc|iPhone
		{924A7367-029D-4F74-A96F-B890B1C85702}.Ad-Hoc|ARM.ActiveCfg = Ad-Hoc|iPhone
		{924A7367-029D-4F74-A96F-B890B1C85702}.Ad-Hoc|iPhone.ActiveCfg = Ad-Hoc|iPhone
		{924A7367-029D-4F74-A96F-B890B1C85702}.Ad-Hoc|iPhone.Build.0 = Ad-Hoc|iPhone
		{924A7367-029D-4F74-A96F-B890B1C85702}.Ad-Hoc|iPhoneSimulator.ActiveCfg = Ad-Hoc|iPhoneSimulator
		{924A7367-029D-4F74-A96F-B890B1C85702}.Ad-Hoc|iPhoneSimulator.Build.0 = Ad-Hoc|iPhoneSimulator
		{924A7367-029D-4F74-A96F-B890B1C85702}.Ad-Hoc|x64.ActiveCfg = Ad-Hoc|iPhone
		{924A7367-029D-4F74-A96F-B890B1C85702}.Ad-Hoc|x86.ActiveCfg = Ad-Hoc|iPhone
		{924A7367-029D-4F74-A96F-B890B1C85702}.AppStore|Any CPU.ActiveCfg = AppStore|iPhone
		{924A7367-029D-4F74-A96F-B890B1C85702}.AppStore|ARM.ActiveCfg = AppStore|iPhone
		{924A7367-029D-4F74-A96F-B890B1C85702}.AppStore|iPhone.ActiveCfg = AppStore|iPhone
		{924A7367-029D-4F74-A96F-B890B1C85702}.AppStore|iPhone.Build.0 = AppStore|iPhone
		{924A7367-029D-4F74-A96F-B890B1C85702}.AppStore|iPhoneSimulator.ActiveCfg = AppStore|iPhoneSimulator
		{924A7367-029D-4F74-A96F-B890B1C85702}.AppStore|iPhoneSimulator.Build.0 = AppStore|iPhoneSimulator
		{924A7367-029D-4F74-A96F-B890B1C85702}.AppStore|x64.ActiveCfg = AppStore|iPhone
		{924A7367-029D-4F74-A96F-B890B1C85702}.AppStore|x86.ActiveCfg = AppStore|iPhone
		{924A7367-029D-4F74-A96F-B890B1C85702}.Debug|Any CPU.ActiveCfg = Debug|iPhone
		{924A7367-029D-4F74-A96F-B890B1C85702}.Debug|ARM.ActiveCfg = Debug|iPhone
		{924A7367-029D-4F74-A96F-B890B1C85702}.Debug|iPhone.ActiveCfg = Debug|iPhone
		{924A7367-029D-4F74-A96F-B890B1C85702}.Debug|iPhone.Build.0 = Debug|iPhone
		{924A7367-029D-4F74-A96F-B890B1C85702}.Debug|iPhoneSimulator.ActiveCfg = Debug|iPhoneSimulator
		{924A7367-029D-4F74-A96F-B890B1C85702}.Debug|iPhoneSimulator.Build.0 = Debug|iPhoneSimulator
		{924A7367-029D-4F74-A96F-B890B1C85702}.Debug|x64.ActiveCfg = Debug|iPhone
		{924A7367-029D-4F74-A96F-B890B1C85702}.Debug|x86.ActiveCfg = Debug|iPhone
		{924A7367-029D-4F74-A96F-B890B1C85702}.Release|Any CPU.ActiveCfg = Release|iPhone
		{924A7367-029D-4F74-A96F-B890B1C85702}.Release|ARM.ActiveCfg = Release|iPhone
		{924A7367-029D-4F74-A96F-B890B1C85702}.Release|iPhone.ActiveCfg = Release|iPhone
		{924A7367-029D-4F74-A96F-B890B1C85702}.Release|iPhone.Build.0 = Release|iPhone
		{924A7367-029D-4F74-A96F-B890B1C85702}.Release|iPhoneSimulator.ActiveCfg = Release|iPhoneSimulator
		{924A7367-029D-4F74-A96F-B890B1C85702}.Release|iPhoneSimulator.Build.0 = Release|iPhoneSimulator
		{924A7367-029D-4F74-A96F-B890B1C85702}.Release|x64.ActiveCfg = Release|iPhone
		{924A7367-029D-4F74-A96F-B890B1C85702}.Release|x86.ActiveCfg = Release|iPhone
		{31176CF4-077D-4DCA-A811-C57809923BE6}.Ad-Hoc|Any CPU.ActiveCfg = Release|Any CPU
		{31176CF4-077D-4DCA-A811-C57809923BE6}.Ad-Hoc|Any CPU.Build.0 = Release|Any CPU
		{31176CF4-077D-4DCA-A811-C57809923BE6}.Ad-Hoc|Any CPU.Deploy.0 = Release|Any CPU
		{31176CF4-077D-4DCA-A811-C57809923BE6}.Ad-Hoc|ARM.ActiveCfg = Release|ARM
		{31176CF4-077D-4DCA-A811-C57809923BE6}.Ad-Hoc|ARM.Build.0 = Release|ARM
		{31176CF4-077D-4DCA-A811-C57809923BE6}.Ad-Hoc|ARM.Deploy.0 = Release|ARM
		{31176CF4-077D-4DCA-A811-C57809923BE6}.Ad-Hoc|iPhone.ActiveCfg = Release|Any CPU
		{31176CF4-077D-4DCA-A811-C57809923BE6}.Ad-Hoc|iPhone.Build.0 = Release|Any CPU
		{31176CF4-077D-4DCA-A811-C57809923BE6}.Ad-Hoc|iPhone.Deploy.0 = Release|Any CPU
		{31176CF4-077D-4DCA-A811-C57809923BE6}.Ad-Hoc|iPhoneSimulator.ActiveCfg = Release|Any CPU
		{31176CF4-077D-4DCA-A811-C57809923BE6}.Ad-Hoc|iPhoneSimulator.Build.0 = Release|Any CPU
		{31176CF4-077D-4DCA-A811-C57809923BE6}.Ad-Hoc|iPhoneSimulator.Deploy.0 = Release|Any CPU
		{31176CF4-077D-4DCA-A811-C57809923BE6}.Ad-Hoc|x64.ActiveCfg = Release|Any CPU
		{31176CF4-077D-4DCA-A811-C57809923BE6}.Ad-Hoc|x64.Build.0 = Release|Any CPU
		{31176CF4-077D-4DCA-A811-C57809923BE6}.Ad-Hoc|x64.Deploy.0 = Release|Any CPU
		{31176CF4-077D-4DCA-A811-C57809923BE6}.Ad-Hoc|x86.ActiveCfg = Release|x86
		{31176CF4-077D-4DCA-A811-C57809923BE6}.Ad-Hoc|x86.Build.0 = Release|x86
		{31176CF4-077D-4DCA-A811-C57809923BE6}.Ad-Hoc|x86.Deploy.0 = Release|x86
		{31176CF4-077D-4DCA-A811-C57809923BE6}.AppStore|Any CPU.ActiveCfg = Release|Any CPU
		{31176CF4-077D-4DCA-A811-C57809923BE6}.AppStore|Any CPU.Build.0 = Release|Any CPU
		{31176CF4-077D-4DCA-A811-C57809923BE6}.AppStore|Any CPU.Deploy.0 = Release|Any CPU
		{31176CF4-077D-4DCA-A811-C57809923BE6}.AppStore|ARM.ActiveCfg = Release|ARM
		{31176CF4-077D-4DCA-A811-C57809923BE6}.AppStore|ARM.Build.0 = Release|ARM
		{31176CF4-077D-4DCA-A811-C57809923BE6}.AppStore|ARM.Deploy.0 = Release|ARM
		{31176CF4-077D-4DCA-A811-C57809923BE6}.AppStore|iPhone.ActiveCfg = Release|Any CPU
		{31176CF4-077D-4DCA-A811-C57809923BE6}.AppStore|iPhone.Build.0 = Release|Any CPU
		{31176CF4-077D-4DCA-A811-C57809923BE6}.AppStore|iPhone.Deploy.0 = Release|Any CPU
		{31176CF4-077D-4DCA-A811-C57809923BE6}.AppStore|iPhoneSimulator.ActiveCfg = Release|Any CPU
		{31176CF4-077D-4DCA-A811-C57809923BE6}.AppStore|iPhoneSimulator.Build.0 = Release|Any CPU
		{31176CF4-077D-4DCA-A811-C57809923BE6}.AppStore|iPhoneSimulator.Deploy.0 = Release|Any CPU
		{31176CF4-077D-4DCA-A811-C57809923BE6}.AppStore|x64.ActiveCfg = Release|Any CPU
		{31176CF4-077D-4DCA-A811-C57809923BE6}.AppStore|x64.Build.0 = Release|Any CPU
		{31176CF4-077D-4DCA-A811-C57809923BE6}.AppStore|x64.Deploy.0 = Release|Any CPU
		{31176CF4-077D-4DCA-A811-C57809923BE6}.AppStore|x86.ActiveCfg = Release|x86
		{31176CF4-077D-4DCA-A811-C57809923BE6}.AppStore|x86.Build.0 = Release|x86
		{31176CF4-077D-4DCA-A811-C57809923BE6}.AppStore|x86.Deploy.0 = Release|x86
		{31176CF4-077D-4DCA-A811-C57809923BE6}.Debug|Any CPU.ActiveCfg = Debug|Any CPU
		{31176CF4-077D-4DCA-A811-C57809923BE6}.Debug|Any CPU.Build.0 = Debug|Any CPU
		{31176CF4-077D-4DCA-A811-C57809923BE6}.Debug|Any CPU.Deploy.0 = Debug|Any CPU
		{31176CF4-077D-4DCA-A811-C57809923BE6}.Debug|ARM.ActiveCfg = Debug|ARM
		{31176CF4-077D-4DCA-A811-C57809923BE6}.Debug|ARM.Build.0 = Debug|ARM
		{31176CF4-077D-4DCA-A811-C57809923BE6}.Debug|ARM.Deploy.0 = Debug|ARM
		{31176CF4-077D-4DCA-A811-C57809923BE6}.Debug|iPhone.ActiveCfg = Debug|Any CPU
		{31176CF4-077D-4DCA-A811-C57809923BE6}.Debug|iPhone.Build.0 = Debug|Any CPU
		{31176CF4-077D-4DCA-A811-C57809923BE6}.Debug|iPhone.Deploy.0 = Debug|Any CPU
		{31176CF4-077D-4DCA-A811-C57809923BE6}.Debug|iPhoneSimulator.ActiveCfg = Debug|Any CPU
		{31176CF4-077D-4DCA-A811-C57809923BE6}.Debug|iPhoneSimulator.Build.0 = Debug|Any CPU
		{31176CF4-077D-4DCA-A811-C57809923BE6}.Debug|iPhoneSimulator.Deploy.0 = Debug|Any CPU
		{31176CF4-077D-4DCA-A811-C57809923BE6}.Debug|x64.ActiveCfg = Debug|Any CPU
		{31176CF4-077D-4DCA-A811-C57809923BE6}.Debug|x64.Build.0 = Debug|Any CPU
		{31176CF4-077D-4DCA-A811-C57809923BE6}.Debug|x64.Deploy.0 = Debug|Any CPU
		{31176CF4-077D-4DCA-A811-C57809923BE6}.Debug|x86.ActiveCfg = Debug|x86
		{31176CF4-077D-4DCA-A811-C57809923BE6}.Debug|x86.Build.0 = Debug|x86
		{31176CF4-077D-4DCA-A811-C57809923BE6}.Debug|x86.Deploy.0 = Debug|x86
		{31176CF4-077D-4DCA-A811-C57809923BE6}.Release|Any CPU.ActiveCfg = Release|Any CPU
		{31176CF4-077D-4DCA-A811-C57809923BE6}.Release|Any CPU.Build.0 = Release|Any CPU
		{31176CF4-077D-4DCA-A811-C57809923BE6}.Release|Any CPU.Deploy.0 = Release|Any CPU
		{31176CF4-077D-4DCA-A811-C57809923BE6}.Release|ARM.ActiveCfg = Release|ARM
		{31176CF4-077D-4DCA-A811-C57809923BE6}.Release|ARM.Build.0 = Release|ARM
		{31176CF4-077D-4DCA-A811-C57809923BE6}.Release|ARM.Deploy.0 = Release|ARM
		{31176CF4-077D-4DCA-A811-C57809923BE6}.Release|iPhone.ActiveCfg = Release|Any CPU
		{31176CF4-077D-4DCA-A811-C57809923BE6}.Release|iPhone.Build.0 = Release|Any CPU
		{31176CF4-077D-4DCA-A811-C57809923BE6}.Release|iPhone.Deploy.0 = Release|Any CPU
		{31176CF4-077D-4DCA-A811-C57809923BE6}.Release|iPhoneSimulator.ActiveCfg = Release|Any CPU
		{31176CF4-077D-4DCA-A811-C57809923BE6}.Release|iPhoneSimulator.Build.0 = Release|Any CPU
		{31176CF4-077D-4DCA-A811-C57809923BE6}.Release|iPhoneSimulator.Deploy.0 = Release|Any CPU
		{31176CF4-077D-4DCA-A811-C57809923BE6}.Release|x64.ActiveCfg = Release|Any CPU
		{31176CF4-077D-4DCA-A811-C57809923BE6}.Release|x64.Build.0 = Release|Any CPU
		{31176CF4-077D-4DCA-A811-C57809923BE6}.Release|x64.Deploy.0 = Release|Any CPU
		{31176CF4-077D-4DCA-A811-C57809923BE6}.Release|x86.ActiveCfg = Release|x86
		{31176CF4-077D-4DCA-A811-C57809923BE6}.Release|x86.Build.0 = Release|x86
		{31176CF4-077D-4DCA-A811-C57809923BE6}.Release|x86.Deploy.0 = Release|x86
		{B69C011D-386D-4428-AB17-E4E95D2766C2}.Ad-Hoc|Any CPU.ActiveCfg = Release|x86
		{B69C011D-386D-4428-AB17-E4E95D2766C2}.Ad-Hoc|Any CPU.Build.0 = Release|x86
		{B69C011D-386D-4428-AB17-E4E95D2766C2}.Ad-Hoc|Any CPU.Deploy.0 = Release|x86
		{B69C011D-386D-4428-AB17-E4E95D2766C2}.Ad-Hoc|ARM.ActiveCfg = Release|ARM
		{B69C011D-386D-4428-AB17-E4E95D2766C2}.Ad-Hoc|ARM.Build.0 = Release|ARM
		{B69C011D-386D-4428-AB17-E4E95D2766C2}.Ad-Hoc|ARM.Deploy.0 = Release|ARM
		{B69C011D-386D-4428-AB17-E4E95D2766C2}.Ad-Hoc|iPhone.ActiveCfg = Release|x86
		{B69C011D-386D-4428-AB17-E4E95D2766C2}.Ad-Hoc|iPhone.Build.0 = Release|x86
		{B69C011D-386D-4428-AB17-E4E95D2766C2}.Ad-Hoc|iPhone.Deploy.0 = Release|x86
		{B69C011D-386D-4428-AB17-E4E95D2766C2}.Ad-Hoc|iPhoneSimulator.ActiveCfg = Release|x86
		{B69C011D-386D-4428-AB17-E4E95D2766C2}.Ad-Hoc|iPhoneSimulator.Build.0 = Release|x86
		{B69C011D-386D-4428-AB17-E4E95D2766C2}.Ad-Hoc|iPhoneSimulator.Deploy.0 = Release|x86
		{B69C011D-386D-4428-AB17-E4E95D2766C2}.Ad-Hoc|x64.ActiveCfg = Release|x64
		{B69C011D-386D-4428-AB17-E4E95D2766C2}.Ad-Hoc|x64.Build.0 = Release|x64
		{B69C011D-386D-4428-AB17-E4E95D2766C2}.Ad-Hoc|x64.Deploy.0 = Release|x64
		{B69C011D-386D-4428-AB17-E4E95D2766C2}.Ad-Hoc|x86.ActiveCfg = Release|x86
		{B69C011D-386D-4428-AB17-E4E95D2766C2}.Ad-Hoc|x86.Build.0 = Release|x86
		{B69C011D-386D-4428-AB17-E4E95D2766C2}.Ad-Hoc|x86.Deploy.0 = Release|x86
		{B69C011D-386D-4428-AB17-E4E95D2766C2}.AppStore|Any CPU.ActiveCfg = Release|x86
		{B69C011D-386D-4428-AB17-E4E95D2766C2}.AppStore|Any CPU.Build.0 = Release|x86
		{B69C011D-386D-4428-AB17-E4E95D2766C2}.AppStore|Any CPU.Deploy.0 = Release|x86
		{B69C011D-386D-4428-AB17-E4E95D2766C2}.AppStore|ARM.ActiveCfg = Release|ARM
		{B69C011D-386D-4428-AB17-E4E95D2766C2}.AppStore|ARM.Build.0 = Release|ARM
		{B69C011D-386D-4428-AB17-E4E95D2766C2}.AppStore|ARM.Deploy.0 = Release|ARM
		{B69C011D-386D-4428-AB17-E4E95D2766C2}.AppStore|iPhone.ActiveCfg = Release|x86
		{B69C011D-386D-4428-AB17-E4E95D2766C2}.AppStore|iPhone.Build.0 = Release|x86
		{B69C011D-386D-4428-AB17-E4E95D2766C2}.AppStore|iPhone.Deploy.0 = Release|x86
		{B69C011D-386D-4428-AB17-E4E95D2766C2}.AppStore|iPhoneSimulator.ActiveCfg = Release|x86
		{B69C011D-386D-4428-AB17-E4E95D2766C2}.AppStore|iPhoneSimulator.Build.0 = Release|x86
		{B69C011D-386D-4428-AB17-E4E95D2766C2}.AppStore|iPhoneSimulator.Deploy.0 = Release|x86
		{B69C011D-386D-4428-AB17-E4E95D2766C2}.AppStore|x64.ActiveCfg = Release|x64
		{B69C011D-386D-4428-AB17-E4E95D2766C2}.AppStore|x64.Build.0 = Release|x64
		{B69C011D-386D-4428-AB17-E4E95D2766C2}.AppStore|x64.Deploy.0 = Release|x64
		{B69C011D-386D-4428-AB17-E4E95D2766C2}.AppStore|x86.ActiveCfg = Release|x86
		{B69C011D-386D-4428-AB17-E4E95D2766C2}.AppStore|x86.Build.0 = Release|x86
		{B69C011D-386D-4428-AB17-E4E95D2766C2}.AppStore|x86.Deploy.0 = Release|x86
		{B69C011D-386D-4428-AB17-E4E95D2766C2}.Debug|Any CPU.ActiveCfg = Debug|x86
		{B69C011D-386D-4428-AB17-E4E95D2766C2}.Debug|ARM.ActiveCfg = Debug|ARM
		{B69C011D-386D-4428-AB17-E4E95D2766C2}.Debug|ARM.Build.0 = Debug|ARM
		{B69C011D-386D-4428-AB17-E4E95D2766C2}.Debug|ARM.Deploy.0 = Debug|ARM
		{B69C011D-386D-4428-AB17-E4E95D2766C2}.Debug|iPhone.ActiveCfg = Debug|x86
		{B69C011D-386D-4428-AB17-E4E95D2766C2}.Debug|iPhoneSimulator.ActiveCfg = Debug|x86
		{B69C011D-386D-4428-AB17-E4E95D2766C2}.Debug|x64.ActiveCfg = Debug|x64
		{B69C011D-386D-4428-AB17-E4E95D2766C2}.Debug|x64.Build.0 = Debug|x64
		{B69C011D-386D-4428-AB17-E4E95D2766C2}.Debug|x64.Deploy.0 = Debug|x64
		{B69C011D-386D-4428-AB17-E4E95D2766C2}.Debug|x86.ActiveCfg = Debug|x86
		{B69C011D-386D-4428-AB17-E4E95D2766C2}.Debug|x86.Build.0 = Debug|x86
		{B69C011D-386D-4428-AB17-E4E95D2766C2}.Debug|x86.Deploy.0 = Debug|x86
		{B69C011D-386D-4428-AB17-E4E95D2766C2}.Release|Any CPU.ActiveCfg = Release|x86
		{B69C011D-386D-4428-AB17-E4E95D2766C2}.Release|ARM.ActiveCfg = Release|ARM
		{B69C011D-386D-4428-AB17-E4E95D2766C2}.Release|ARM.Build.0 = Release|ARM
		{B69C011D-386D-4428-AB17-E4E95D2766C2}.Release|ARM.Deploy.0 = Release|ARM
		{B69C011D-386D-4428-AB17-E4E95D2766C2}.Release|iPhone.ActiveCfg = Release|x86
		{B69C011D-386D-4428-AB17-E4E95D2766C2}.Release|iPhoneSimulator.ActiveCfg = Release|x86
		{B69C011D-386D-4428-AB17-E4E95D2766C2}.Release|x64.ActiveCfg = Release|x64
		{B69C011D-386D-4428-AB17-E4E95D2766C2}.Release|x64.Build.0 = Release|x64
		{B69C011D-386D-4428-AB17-E4E95D2766C2}.Release|x64.Deploy.0 = Release|x64
		{B69C011D-386D-4428-AB17-E4E95D2766C2}.Release|x86.ActiveCfg = Release|x86
		{B69C011D-386D-4428-AB17-E4E95D2766C2}.Release|x86.Build.0 = Release|x86
		{B69C011D-386D-4428-AB17-E4E95D2766C2}.Release|x86.Deploy.0 = Release|x86
		{CEC9346D-23BE-47DD-B630-E69C8F3BBFCE}.Ad-Hoc|Any CPU.ActiveCfg = Release|Any CPU
		{CEC9346D-23BE-47DD-B630-E69C8F3BBFCE}.Ad-Hoc|Any CPU.Build.0 = Release|Any CPU
		{CEC9346D-23BE-47DD-B630-E69C8F3BBFCE}.Ad-Hoc|Any CPU.Deploy.0 = Release|Any CPU
		{CEC9346D-23BE-47DD-B630-E69C8F3BBFCE}.Ad-Hoc|ARM.ActiveCfg = Release|ARM
		{CEC9346D-23BE-47DD-B630-E69C8F3BBFCE}.Ad-Hoc|ARM.Build.0 = Release|ARM
		{CEC9346D-23BE-47DD-B630-E69C8F3BBFCE}.Ad-Hoc|ARM.Deploy.0 = Release|ARM
		{CEC9346D-23BE-47DD-B630-E69C8F3BBFCE}.Ad-Hoc|iPhone.ActiveCfg = Release|Any CPU
		{CEC9346D-23BE-47DD-B630-E69C8F3BBFCE}.Ad-Hoc|iPhone.Build.0 = Release|Any CPU
		{CEC9346D-23BE-47DD-B630-E69C8F3BBFCE}.Ad-Hoc|iPhone.Deploy.0 = Release|Any CPU
		{CEC9346D-23BE-47DD-B630-E69C8F3BBFCE}.Ad-Hoc|iPhoneSimulator.ActiveCfg = Release|Any CPU
		{CEC9346D-23BE-47DD-B630-E69C8F3BBFCE}.Ad-Hoc|iPhoneSimulator.Build.0 = Release|Any CPU
		{CEC9346D-23BE-47DD-B630-E69C8F3BBFCE}.Ad-Hoc|iPhoneSimulator.Deploy.0 = Release|Any CPU
		{CEC9346D-23BE-47DD-B630-E69C8F3BBFCE}.Ad-Hoc|x64.ActiveCfg = Release|x64
		{CEC9346D-23BE-47DD-B630-E69C8F3BBFCE}.Ad-Hoc|x64.Build.0 = Release|x64
		{CEC9346D-23BE-47DD-B630-E69C8F3BBFCE}.Ad-Hoc|x64.Deploy.0 = Release|x64
		{CEC9346D-23BE-47DD-B630-E69C8F3BBFCE}.Ad-Hoc|x86.ActiveCfg = Release|x86
		{CEC9346D-23BE-47DD-B630-E69C8F3BBFCE}.Ad-Hoc|x86.Build.0 = Release|x86
		{CEC9346D-23BE-47DD-B630-E69C8F3BBFCE}.Ad-Hoc|x86.Deploy.0 = Release|x86
		{CEC9346D-23BE-47DD-B630-E69C8F3BBFCE}.AppStore|Any CPU.ActiveCfg = Release|Any CPU
		{CEC9346D-23BE-47DD-B630-E69C8F3BBFCE}.AppStore|Any CPU.Build.0 = Release|Any CPU
		{CEC9346D-23BE-47DD-B630-E69C8F3BBFCE}.AppStore|Any CPU.Deploy.0 = Release|Any CPU
		{CEC9346D-23BE-47DD-B630-E69C8F3BBFCE}.AppStore|ARM.ActiveCfg = Release|ARM
		{CEC9346D-23BE-47DD-B630-E69C8F3BBFCE}.AppStore|ARM.Build.0 = Release|ARM
		{CEC9346D-23BE-47DD-B630-E69C8F3BBFCE}.AppStore|ARM.Deploy.0 = Release|ARM
		{CEC9346D-23BE-47DD-B630-E69C8F3BBFCE}.AppStore|iPhone.ActiveCfg = Release|Any CPU
		{CEC9346D-23BE-47DD-B630-E69C8F3BBFCE}.AppStore|iPhone.Build.0 = Release|Any CPU
		{CEC9346D-23BE-47DD-B630-E69C8F3BBFCE}.AppStore|iPhone.Deploy.0 = Release|Any CPU
		{CEC9346D-23BE-47DD-B630-E69C8F3BBFCE}.AppStore|iPhoneSimulator.ActiveCfg = Release|Any CPU
		{CEC9346D-23BE-47DD-B630-E69C8F3BBFCE}.AppStore|iPhoneSimulator.Build.0 = Release|Any CPU
		{CEC9346D-23BE-47DD-B630-E69C8F3BBFCE}.AppStore|iPhoneSimulator.Deploy.0 = Release|Any CPU
		{CEC9346D-23BE-47DD-B630-E69C8F3BBFCE}.AppStore|x64.ActiveCfg = Release|x64
		{CEC9346D-23BE-47DD-B630-E69C8F3BBFCE}.AppStore|x64.Build.0 = Release|x64
		{CEC9346D-23BE-47DD-B630-E69C8F3BBFCE}.AppStore|x64.Deploy.0 = Release|x64
		{CEC9346D-23BE-47DD-B630-E69C8F3BBFCE}.AppStore|x86.ActiveCfg = Release|x86
		{CEC9346D-23BE-47DD-B630-E69C8F3BBFCE}.AppStore|x86.Build.0 = Release|x86
		{CEC9346D-23BE-47DD-B630-E69C8F3BBFCE}.AppStore|x86.Deploy.0 = Release|x86
		{CEC9346D-23BE-47DD-B630-E69C8F3BBFCE}.Debug|Any CPU.ActiveCfg = Debug|Any CPU
		{CEC9346D-23BE-47DD-B630-E69C8F3BBFCE}.Debug|Any CPU.Build.0 = Debug|Any CPU
		{CEC9346D-23BE-47DD-B630-E69C8F3BBFCE}.Debug|Any CPU.Deploy.0 = Debug|Any CPU
		{CEC9346D-23BE-47DD-B630-E69C8F3BBFCE}.Debug|ARM.ActiveCfg = Debug|ARM
		{CEC9346D-23BE-47DD-B630-E69C8F3BBFCE}.Debug|ARM.Build.0 = Debug|ARM
		{CEC9346D-23BE-47DD-B630-E69C8F3BBFCE}.Debug|ARM.Deploy.0 = Debug|ARM
		{CEC9346D-23BE-47DD-B630-E69C8F3BBFCE}.Debug|iPhone.ActiveCfg = Debug|Any CPU
		{CEC9346D-23BE-47DD-B630-E69C8F3BBFCE}.Debug|iPhone.Build.0 = Debug|Any CPU
		{CEC9346D-23BE-47DD-B630-E69C8F3BBFCE}.Debug|iPhone.Deploy.0 = Debug|Any CPU
		{CEC9346D-23BE-47DD-B630-E69C8F3BBFCE}.Debug|iPhoneSimulator.ActiveCfg = Debug|Any CPU
		{CEC9346D-23BE-47DD-B630-E69C8F3BBFCE}.Debug|iPhoneSimulator.Build.0 = Debug|Any CPU
		{CEC9346D-23BE-47DD-B630-E69C8F3BBFCE}.Debug|iPhoneSimulator.Deploy.0 = Debug|Any CPU
		{CEC9346D-23BE-47DD-B630-E69C8F3BBFCE}.Debug|x64.ActiveCfg = Debug|x64
		{CEC9346D-23BE-47DD-B630-E69C8F3BBFCE}.Debug|x64.Build.0 = Debug|x64
		{CEC9346D-23BE-47DD-B630-E69C8F3BBFCE}.Debug|x64.Deploy.0 = Debug|x64
		{CEC9346D-23BE-47DD-B630-E69C8F3BBFCE}.Debug|x86.ActiveCfg = Debug|x86
		{CEC9346D-23BE-47DD-B630-E69C8F3BBFCE}.Debug|x86.Build.0 = Debug|x86
		{CEC9346D-23BE-47DD-B630-E69C8F3BBFCE}.Debug|x86.Deploy.0 = Debug|x86
		{CEC9346D-23BE-47DD-B630-E69C8F3BBFCE}.Release|Any CPU.ActiveCfg = Release|Any CPU
		{CEC9346D-23BE-47DD-B630-E69C8F3BBFCE}.Release|Any CPU.Build.0 = Release|Any CPU
		{CEC9346D-23BE-47DD-B630-E69C8F3BBFCE}.Release|Any CPU.Deploy.0 = Release|Any CPU
		{CEC9346D-23BE-47DD-B630-E69C8F3BBFCE}.Release|ARM.ActiveCfg = Release|ARM
		{CEC9346D-23BE-47DD-B630-E69C8F3BBFCE}.Release|ARM.Build.0 = Release|ARM
		{CEC9346D-23BE-47DD-B630-E69C8F3BBFCE}.Release|ARM.Deploy.0 = Release|ARM
		{CEC9346D-23BE-47DD-B630-E69C8F3BBFCE}.Release|iPhone.ActiveCfg = Release|Any CPU
		{CEC9346D-23BE-47DD-B630-E69C8F3BBFCE}.Release|iPhone.Build.0 = Release|Any CPU
		{CEC9346D-23BE-47DD-B630-E69C8F3BBFCE}.Release|iPhone.Deploy.0 = Release|Any CPU
		{CEC9346D-23BE-47DD-B630-E69C8F3BBFCE}.Release|iPhoneSimulator.ActiveCfg = Release|Any CPU
		{CEC9346D-23BE-47DD-B630-E69C8F3BBFCE}.Release|iPhoneSimulator.Build.0 = Release|Any CPU
		{CEC9346D-23BE-47DD-B630-E69C8F3BBFCE}.Release|iPhoneSimulator.Deploy.0 = Release|Any CPU
		{CEC9346D-23BE-47DD-B630-E69C8F3BBFCE}.Release|x64.ActiveCfg = Release|x64
		{CEC9346D-23BE-47DD-B630-E69C8F3BBFCE}.Release|x64.Build.0 = Release|x64
		{CEC9346D-23BE-47DD-B630-E69C8F3BBFCE}.Release|x64.Deploy.0 = Release|x64
		{CEC9346D-23BE-47DD-B630-E69C8F3BBFCE}.Release|x86.ActiveCfg = Release|x86
		{CEC9346D-23BE-47DD-B630-E69C8F3BBFCE}.Release|x86.Build.0 = Release|x86
		{CEC9346D-23BE-47DD-B630-E69C8F3BBFCE}.Release|x86.Deploy.0 = Release|x86
		{D5B550FF-5621-4E02-94C7-0D7C7F9EB5BA}.Ad-Hoc|Any CPU.ActiveCfg = Release|Any CPU
		{D5B550FF-5621-4E02-94C7-0D7C7F9EB5BA}.Ad-Hoc|Any CPU.Build.0 = Release|Any CPU
		{D5B550FF-5621-4E02-94C7-0D7C7F9EB5BA}.Ad-Hoc|ARM.ActiveCfg = Release|Any CPU
		{D5B550FF-5621-4E02-94C7-0D7C7F9EB5BA}.Ad-Hoc|ARM.Build.0 = Release|Any CPU
		{D5B550FF-5621-4E02-94C7-0D7C7F9EB5BA}.Ad-Hoc|iPhone.ActiveCfg = Release|Any CPU
		{D5B550FF-5621-4E02-94C7-0D7C7F9EB5BA}.Ad-Hoc|iPhone.Build.0 = Release|Any CPU
		{D5B550FF-5621-4E02-94C7-0D7C7F9EB5BA}.Ad-Hoc|iPhoneSimulator.ActiveCfg = Release|Any CPU
		{D5B550FF-5621-4E02-94C7-0D7C7F9EB5BA}.Ad-Hoc|iPhoneSimulator.Build.0 = Release|Any CPU
		{D5B550FF-5621-4E02-94C7-0D7C7F9EB5BA}.Ad-Hoc|x64.ActiveCfg = Release|Any CPU
		{D5B550FF-5621-4E02-94C7-0D7C7F9EB5BA}.Ad-Hoc|x64.Build.0 = Release|Any CPU
		{D5B550FF-5621-4E02-94C7-0D7C7F9EB5BA}.Ad-Hoc|x86.ActiveCfg = Release|Any CPU
		{D5B550FF-5621-4E02-94C7-0D7C7F9EB5BA}.Ad-Hoc|x86.Build.0 = Release|Any CPU
		{D5B550FF-5621-4E02-94C7-0D7C7F9EB5BA}.AppStore|Any CPU.ActiveCfg = Release|Any CPU
		{D5B550FF-5621-4E02-94C7-0D7C7F9EB5BA}.AppStore|Any CPU.Build.0 = Release|Any CPU
		{D5B550FF-5621-4E02-94C7-0D7C7F9EB5BA}.AppStore|ARM.ActiveCfg = Release|Any CPU
		{D5B550FF-5621-4E02-94C7-0D7C7F9EB5BA}.AppStore|ARM.Build.0 = Release|Any CPU
		{D5B550FF-5621-4E02-94C7-0D7C7F9EB5BA}.AppStore|iPhone.ActiveCfg = Release|Any CPU
		{D5B550FF-5621-4E02-94C7-0D7C7F9EB5BA}.AppStore|iPhone.Build.0 = Release|Any CPU
		{D5B550FF-5621-4E02-94C7-0D7C7F9EB5BA}.AppStore|iPhoneSimulator.ActiveCfg = Release|Any CPU
		{D5B550FF-5621-4E02-94C7-0D7C7F9EB5BA}.AppStore|iPhoneSimulator.Build.0 = Release|Any CPU
		{D5B550FF-5621-4E02-94C7-0D7C7F9EB5BA}.AppStore|x64.ActiveCfg = Release|Any CPU
		{D5B550FF-5621-4E02-94C7-0D7C7F9EB5BA}.AppStore|x64.Build.0 = Release|Any CPU
		{D5B550FF-5621-4E02-94C7-0D7C7F9EB5BA}.AppStore|x86.ActiveCfg = Release|Any CPU
		{D5B550FF-5621-4E02-94C7-0D7C7F9EB5BA}.AppStore|x86.Build.0 = Release|Any CPU
		{D5B550FF-5621-4E02-94C7-0D7C7F9EB5BA}.Debug|Any CPU.ActiveCfg = Debug|Any CPU
		{D5B550FF-5621-4E02-94C7-0D7C7F9EB5BA}.Debug|Any CPU.Build.0 = Debug|Any CPU
		{D5B550FF-5621-4E02-94C7-0D7C7F9EB5BA}.Debug|ARM.ActiveCfg = Debug|Any CPU
		{D5B550FF-5621-4E02-94C7-0D7C7F9EB5BA}.Debug|ARM.Build.0 = Debug|Any CPU
		{D5B550FF-5621-4E02-94C7-0D7C7F9EB5BA}.Debug|iPhone.ActiveCfg = Debug|Any CPU
		{D5B550FF-5621-4E02-94C7-0D7C7F9EB5BA}.Debug|iPhone.Build.0 = Debug|Any CPU
		{D5B550FF-5621-4E02-94C7-0D7C7F9EB5BA}.Debug|iPhoneSimulator.ActiveCfg = Debug|Any CPU
		{D5B550FF-5621-4E02-94C7-0D7C7F9EB5BA}.Debug|iPhoneSimulator.Build.0 = Debug|Any CPU
		{D5B550FF-5621-4E02-94C7-0D7C7F9EB5BA}.Debug|x64.ActiveCfg = Debug|Any CPU
		{D5B550FF-5621-4E02-94C7-0D7C7F9EB5BA}.Debug|x64.Build.0 = Debug|Any CPU
		{D5B550FF-5621-4E02-94C7-0D7C7F9EB5BA}.Debug|x86.ActiveCfg = Debug|Any CPU
		{D5B550FF-5621-4E02-94C7-0D7C7F9EB5BA}.Debug|x86.Build.0 = Debug|Any CPU
		{D5B550FF-5621-4E02-94C7-0D7C7F9EB5BA}.Release|Any CPU.ActiveCfg = Release|Any CPU
		{D5B550FF-5621-4E02-94C7-0D7C7F9EB5BA}.Release|Any CPU.Build.0 = Release|Any CPU
		{D5B550FF-5621-4E02-94C7-0D7C7F9EB5BA}.Release|ARM.ActiveCfg = Release|Any CPU
		{D5B550FF-5621-4E02-94C7-0D7C7F9EB5BA}.Release|ARM.Build.0 = Release|Any CPU
		{D5B550FF-5621-4E02-94C7-0D7C7F9EB5BA}.Release|iPhone.ActiveCfg = Release|Any CPU
		{D5B550FF-5621-4E02-94C7-0D7C7F9EB5BA}.Release|iPhone.Build.0 = Release|Any CPU
		{D5B550FF-5621-4E02-94C7-0D7C7F9EB5BA}.Release|iPhoneSimulator.ActiveCfg = Release|Any CPU
		{D5B550FF-5621-4E02-94C7-0D7C7F9EB5BA}.Release|iPhoneSimulator.Build.0 = Release|Any CPU
		{D5B550FF-5621-4E02-94C7-0D7C7F9EB5BA}.Release|x64.ActiveCfg = Release|Any CPU
		{D5B550FF-5621-4E02-94C7-0D7C7F9EB5BA}.Release|x64.Build.0 = Release|Any CPU
		{D5B550FF-5621-4E02-94C7-0D7C7F9EB5BA}.Release|x86.ActiveCfg = Release|Any CPU
		{D5B550FF-5621-4E02-94C7-0D7C7F9EB5BA}.Release|x86.Build.0 = Release|Any CPU
	EndGlobalSection
	GlobalSection(SolutionProperties) = preSolution
		HideSolutionNode = FALSE
	EndGlobalSection
EndGlobal
